
Microsoft Visual Studio Solution File, Format Version 12.00
# Visual Studio Version 17
VisualStudioVersion = 17.7.34031.279
MinimumVisualStudioVersion = 10.0.40219.1
Project("{FAE04EC0-301F-11D3-BF4B-00C04F79EFBC}") = "9", "9\9.csproj", "{F60A3C89-B748-4E47-AD62-ED44DC52DB5F}"
EndProject
Global
	GlobalSection(SolutionConfigurationPlatforms) = preSolution
		Debug|Any CPU = Debug|Any CPU
		Release|Any CPU = Release|Any CPU
	EndGlobalSection
	GlobalSection(ProjectConfigurationPlatforms) = postSolution
		{F60A3C89-B748-4E47-AD62-ED44DC52DB5F}.Debug|Any CPU.ActiveCfg = Debug|Any CPU
		{F60A3C89-B748-4E47-AD62-ED44DC52DB5F}.Debug|Any CPU.Build.0 = Debug|Any CPU
		{F60A3C89-B748-4E47-AD62-ED44DC52DB5F}.Release|Any CPU.ActiveCfg = Release|Any CPU
		{F60A3C89-B748-4E47-AD62-ED44DC52DB5F}.Release|Any CPU.Build.0 = Release|Any CPU
	EndGlobalSection
	GlobalSection(SolutionProperties) = preSolution
		HideSolutionNode = FALSE
	EndGlobalSection
	GlobalSection(ExtensibilityGlobals) = postSolution
		SolutionGuid = {E7B47D3C-6A2D-431A-B882-A3DD2C228584}
	EndGlobalSection
EndGlobal
